Microsoft Visual Studio Solution File, Format Version 12.00
# Visual Studio 2012
Project("{FAE04EC0-301F-11D3-BF4B-00C04F79EFBC}") = "2D Adventure ByCsharp", "2D Adventure ByCsharp.csproj", "{B8CBE6EA-D05A-4CE5-800F-476CAE58BC79}"
EndProject
Global
	GlobalSection(SolutionConfigurationPlatforms) = preSolution
	Debug|Any CPU = Debug|Any CPU
	ExportDebug|Any CPU = ExportDebug|Any CPU
	ExportRelease|Any CPU = ExportRelease|Any CPU
	EndGlobalSection
	GlobalSection(ProjectConfigurationPlatforms) = postSolution
		{B8CBE6EA-D05A-4CE5-800F-476CAE58BC79}.Debug|Any CPU.ActiveCfg = Debug|Any CPU
		{B8CBE6EA-D05A-4CE5-800F-476CAE58BC79}.Debug|Any CPU.Build.0 = Debug|Any CPU
		{B8CBE6EA-D05A-4CE5-800F-476CAE58BC79}.ExportDebug|Any CPU.ActiveCfg = ExportDebug|Any CPU
		{B8CBE6EA-D05A-4CE5-800F-476CAE58BC79}.ExportDebug|Any CPU.Build.0 = ExportDebug|Any CPU
		{B8CBE6EA-D05A-4CE5-800F-476CAE58BC79}.ExportRelease|Any CPU.ActiveCfg = ExportRelease|Any CPU
		{B8CBE6EA-D05A-4CE5-800F-476CAE58BC79}.ExportRelease|Any CPU.Build.0 = ExportRelease|Any CPU
	EndGlobalSection
EndGlobal
